
Microsoft Visual Studio Solution File, Format Version 12.00
# Visual Studio Version 16
VisualStudioVersion = 16.0.28721.148
MinimumVisualStudioVersion = 10.0.40219.1
Project("{FAE04EC0-301F-11D3-BF4B-00C04F79EFBC}") = "BlynkUWP", "BlynkUWP\BlynkUWP.csproj", "{18329F06-3B00-4AE9-9AA6-581E48DB17FE}"
EndProject
Project("{FAE04EC0-301F-11D3-BF4B-00C04F79EFBC}") = "BlynkLibrary", "BlynkLibrary\BlynkLibrary.csproj", "{7C928BF6-BA13-4D7A-93B6-43FAA597DAD7}"
EndProject
Global
	GlobalSection(SolutionConfigurationPlatforms) = preSolution
		Debug|Any CPU = Debug|Any CPU
		Debug|ARM = Debug|ARM
		Debug|x64 = Debug|x64
		Debug|x86 = Debug|x86
		Release|Any CPU = Release|Any CPU
		Release|ARM = Release|ARM
		Release|x64 = Release|x64
		Release|x86 = Release|x86
	EndGlobalSection
	GlobalSection(ProjectConfigurationPlatforms) = postSolution
		{18329F06-3B00-4AE9-9AA6-581E48DB17FE}.Debug|Any CPU.ActiveCfg = Debug|x64
		{18329F06-3B00-4AE9-9AA6-581E48DB17FE}.Debug|Any CPU.Build.0 = Debug|x64
		{18329F06-3B00-4AE9-9AA6-581E48DB17FE}.Debug|Any CPU.Deploy.0 = Debug|x64
		{18329F06-3B00-4AE9-9AA6-581E48DB17FE}.Debug|ARM.ActiveCfg = Debug|ARM
		{18329F06-3B00-4AE9-9AA6-581E48DB17FE}.Debug|ARM.Build.0 = Debug|ARM
		{18329F06-3B00-4AE9-9AA6-581E48DB17FE}.Debug|ARM.Deploy.0 = Debug|ARM
		{18329F06-3B00-4AE9-9AA6-581E48DB17FE}.Debug|x64.ActiveCfg = Debug|x64
		{18329F06-3B00-4AE9-9AA6-581E48DB17FE}.Debug|x64.Build.0 = Debug|x64
		{18329F06-3B00-4AE9-9AA6-581E48DB17FE}.Debug|x64.Deploy.0 = Debug|x64
		{18329F06-3B00-4AE9-9AA6-581E48DB17FE}.Debug|x86.ActiveCfg = Debug|x86
		{18329F06-3B00-4AE9-9AA6-581E48DB17FE}.Debug|x86.Build.0 = Debug|x86
		{18329F06-3B00-4AE9-9AA6-581E48DB17FE}.Debug|x86.Deploy.0 = Debug|x86
		{18329F06-3B00-4AE9-9AA6-581E48DB17FE}.Release|Any CPU.ActiveCfg = Release|x86
		{18329F06-3B00-4AE9-9AA6-581E48DB17FE}.Release|ARM.ActiveCfg = Release|ARM
		{18329F06-3B00-4AE9-9AA6-581E48DB17FE}.Release|ARM.Build.0 = Release|ARM
		{18329F06-3B00-4AE9-9AA6-581E48DB17FE}.Release|ARM.Deploy.0 = Release|ARM
		{18329F06-3B00-4AE9-9AA6-581E48DB17FE}.Release|x64.ActiveCfg = Release|x64
		{18329F06-3B00-4AE9-9AA6-581E48DB17FE}.Release|x64.Build.0 = Release|x64
		{18329F06-3B00-4AE9-9AA6-581E48DB17FE}.Release|x64.Deploy.0 = Release|x64
		{18329F06-3B00-4AE9-9AA6-581E48DB17FE}.Release|x86.ActiveCfg = Release|x86
		{18329F06-3B00-4AE9-9AA6-581E48DB17FE}.Release|x86.Build.0 = Release|x86
		{18329F06-3B00-4AE9-9AA6-581E48DB17FE}.Release|x86.Deploy.0 = Release|x86
		{7C928BF6-BA13-4D7A-93B6-43FAA597DAD7}.Debug|Any CPU.ActiveCfg = Debug|Any CPU
		{7C928BF6-BA13-4D7A-93B6-43FAA597DAD7}.Debug|Any CPU.Build.0 = Debug|Any CPU
		{7C928BF6-BA13-4D7A-93B6-43FAA597DAD7}.Debug|ARM.ActiveCfg = Debug|ARM
		{7C928BF6-BA13-4D7A-93B6-43FAA597DAD7}.Debug|ARM.Build.0 = Debug|ARM
		{7C928BF6-BA13-4D7A-93B6-43FAA597DAD7}.Debug|x64.ActiveCfg = Debug|x64
		{7C928BF6-BA13-4D7A-93B6-43FAA597DAD7}.Debug|x64.Build.0 = Debug|x64
		{7C928BF6-BA13-4D7A-93B6-43FAA597DAD7}.Debug|x86.ActiveCfg = Debug|x86
		{7C928BF6-BA13-4D7A-93B6-43FAA597DAD7}.Debug|x86.Build.0 = Debug|x86
		{7C928BF6-BA13-4D7A-93B6-43FAA597DAD7}.Release|Any CPU.ActiveCfg = Release|Any CPU
		{7C928BF6-BA13-4D7A-93B6-43FAA597DAD7}.Release|Any CPU.Build.0 = Release|Any CPU
		{7C928BF6-BA13-4D7A-93B6-43FAA597DAD7}.Release|ARM.ActiveCfg = Release|ARM
		{7C928BF6-BA13-4D7A-93B6-43FAA597DAD7}.Release|ARM.Build.0 = Release|ARM
		{7C928BF6-BA13-4D7A-93B6-43FAA597DAD7}.Release|x64.ActiveCfg = Release|x64
		{7C928BF6-BA13-4D7A-93B6-43FAA597DAD7}.Release|x64.Build.0 = Release|x64
		{7C928BF6-BA13-4D7A-93B6-43FAA597DAD7}.Release|x86.ActiveCfg = Release|x86
		{7C928BF6-BA13-4D7A-93B6-43FAA597DAD7}.Release|x86.Build.0 = Release|x86
	EndGlobalSection
	GlobalSection(SolutionProperties) = preSolution
		HideSolutionNode = FALSE
	EndGlobalSection
	GlobalSection(ExtensibilityGlobals) = postSolution
		SolutionGuid = {C64A5ACE-6423-4745-9B76-778352F579A7}
	EndGlobalSection
EndGlobal
